
Microsoft Visual Studio Solution File, Format Version 12.00
# Visual Studio Version 17
VisualStudioVersion = 17.0.31903.59
MinimumVisualStudioVersion = 10.0.40219.1
Project("{FAE04EC0-301F-11D3-BF4B-00C04F79EFBC}") = "Domain", "Domain\Domain.csproj", "{CBF1DA50-3709-4D4A-9C70-8C4286C71571}"
EndProject
Project("{FAE04EC0-301F-11D3-BF4B-00C04F79EFBC}") = "Application", "Application\Application.csproj", "{DC2131DC-5690-40BC-BD6F-55B249B30770}"
EndProject
Project("{FAE04EC0-301F-11D3-BF4B-00C04F79EFBC}") = "Persistence", "Persistence\Persistence.csproj", "{C9A6BEC3-3B23-4E1F-A07F-CAC1377F64DA}"
EndProject
Project("{FAE04EC0-301F-11D3-BF4B-00C04F79EFBC}") = "API", "API\API.csproj", "{E5FB1EEB-FC47-4883-A5CD-B0B97CC7F60A}"
EndProject
Global
	GlobalSection(SolutionConfigurationPlatforms) = preSolution
		Debug|Any CPU = Debug|Any CPU
		Debug|x64 = Debug|x64
		Debug|x86 = Debug|x86
		Release|Any CPU = Release|Any CPU
		Release|x64 = Release|x64
		Release|x86 = Release|x86
	EndGlobalSection
	GlobalSection(ProjectConfigurationPlatforms) = postSolution
		{CBF1DA50-3709-4D4A-9C70-8C4286C71571}.Debug|Any CPU.ActiveCfg = Debug|Any CPU
		{CBF1DA50-3709-4D4A-9C70-8C4286C71571}.Debug|Any CPU.Build.0 = Debug|Any CPU
		{CBF1DA50-3709-4D4A-9C70-8C4286C71571}.Debug|x64.ActiveCfg = Debug|Any CPU
		{CBF1DA50-3709-4D4A-9C70-8C4286C71571}.Debug|x64.Build.0 = Debug|Any CPU
		{CBF1DA50-3709-4D4A-9C70-8C4286C71571}.Debug|x86.ActiveCfg = Debug|Any CPU
		{CBF1DA50-3709-4D4A-9C70-8C4286C71571}.Debug|x86.Build.0 = Debug|Any CPU
		{CBF1DA50-3709-4D4A-9C70-8C4286C71571}.Release|Any CPU.ActiveCfg = Release|Any CPU
		{CBF1DA50-3709-4D4A-9C70-8C4286C71571}.Release|Any CPU.Build.0 = Release|Any CPU
		{CBF1DA50-3709-4D4A-9C70-8C4286C71571}.Release|x64.ActiveCfg = Release|Any CPU
		{CBF1DA50-3709-4D4A-9C70-8C4286C71571}.Release|x64.Build.0 = Release|Any CPU
		{CBF1DA50-3709-4D4A-9C70-8C4286C71571}.Release|x86.ActiveCfg = Release|Any CPU
		{CBF1DA50-3709-4D4A-9C70-8C4286C71571}.Release|x86.Build.0 = Release|Any CPU
		{DC2131DC-5690-40BC-BD6F-55B249B30770}.Debug|Any CPU.ActiveCfg = Debug|Any CPU
		{DC2131DC-5690-40BC-BD6F-55B249B30770}.Debug|Any CPU.Build.0 = Debug|Any CPU
		{DC2131DC-5690-40BC-BD6F-55B249B30770}.Debug|x64.ActiveCfg = Debug|Any CPU
		{DC2131DC-5690-40BC-BD6F-55B249B30770}.Debug|x64.Build.0 = Debug|Any CPU
		{DC2131DC-5690-40BC-BD6F-55B249B30770}.Debug|x86.ActiveCfg = Debug|Any CPU
		{DC2131DC-5690-40BC-BD6F-55B249B30770}.Debug|x86.Build.0 = Debug|Any CPU
		{DC2131DC-5690-40BC-BD6F-55B249B30770}.Release|Any CPU.ActiveCfg = Release|Any CPU
		{DC2131DC-5690-40BC-BD6F-55B249B30770}.Release|Any CPU.Build.0 = Release|Any CPU
		{DC2131DC-5690-40BC-BD6F-55B249B30770}.Release|x64.ActiveCfg = Release|Any CPU
		{DC2131DC-5690-40BC-BD6F-55B249B30770}.Release|x64.Build.0 = Release|Any CPU
		{DC2131DC-5690-40BC-BD6F-55B249B30770}.Release|x86.ActiveCfg = Release|Any CPU
		{DC2131DC-5690-40BC-BD6F-55B249B30770}.Release|x86.Build.0 = Release|Any CPU
		{C9A6BEC3-3B23-4E1F-A07F-CAC1377F64DA}.Debug|Any CPU.ActiveCfg = Debug|Any CPU
		{C9A6BEC3-3B23-4E1F-A07F-CAC1377F64DA}.Debug|Any CPU.Build.0 = Debug|Any CPU
		{C9A6BEC3-3B23-4E1F-A07F-CAC1377F64DA}.Debug|x64.ActiveCfg = Debug|Any CPU
		{C9A6BEC3-3B23-4E1F-A07F-CAC1377F64DA}.Debug|x64.Build.0 = Debug|Any CPU
		{C9A6BEC3-3B23-4E1F-A07F-CAC1377F64DA}.Debug|x86.ActiveCfg = Debug|Any CPU
		{C9A6BEC3-3B23-4E1F-A07F-CAC1377F64DA}.Debug|x86.Build.0 = Debug|Any CPU
		{C9A6BEC3-3B23-4E1F-A07F-CAC1377F64DA}.Release|Any CPU.ActiveCfg = Release|Any CPU
		{C9A6BEC3-3B23-4E1F-A07F-CAC1377F64DA}.Release|Any CPU.Build.0 = Release|Any CPU
		{C9A6BEC3-3B23-4E1F-A07F-CAC1377F64DA}.Release|x64.ActiveCfg = Release|Any CPU
		{C9A6BEC3-3B23-4E1F-A07F-CAC1377F64DA}.Release|x64.Build.0 = Release|Any CPU
		{C9A6BEC3-3B23-4E1F-A07F-CAC1377F64DA}.Release|x86.ActiveCfg = Release|Any CPU
		{C9A6BEC3-3B23-4E1F-A07F-CAC1377F64DA}.Release|x86.Build.0 = Release|Any CPU
		{E5FB1EEB-FC47-4883-A5CD-B0B97CC7F60A}.Debug|Any CPU.ActiveCfg = Debug|Any CPU
		{E5FB1EEB-FC47-4883-A5CD-B0B97CC7F60A}.Debug|Any CPU.Build.0 = Debug|Any CPU
		{E5FB1EEB-FC47-4883-A5CD-B0B97CC7F60A}.Debug|x64.ActiveCfg = Debug|Any CPU
		{E5FB1EEB-FC47-4883-A5CD-B0B97CC7F60A}.Debug|x64.Build.0 = Debug|Any CPU
		{E5FB1EEB-FC47-4883-A5CD-B0B97CC7F60A}.Debug|x86.ActiveCfg = Debug|Any CPU
		{E5FB1EEB-FC47-4883-A5CD-B0B97CC7F60A}.Debug|x86.Build.0 = Debug|Any CPU
		{E5FB1EEB-FC47-4883-A5CD-B0B97CC7F60A}.Release|Any CPU.ActiveCfg = Release|Any CPU
		{E5FB1EEB-FC47-4883-A5CD-B0B97CC7F60A}.Release|Any CPU.Build.0 = Release|Any CPU
		{E5FB1EEB-FC47-4883-A5CD-B0B97CC7F60A}.Release|x64.ActiveCfg = Release|Any CPU
		{E5FB1EEB-FC47-4883-A5CD-B0B97CC7F60A}.Release|x64.Build.0 = Release|Any CPU
		{E5FB1EEB-FC47-4883-A5CD-B0B97CC7F60A}.Release|x86.ActiveCfg = Release|Any CPU
		{E5FB1EEB-FC47-4883-A5CD-B0B97CC7F60A}.Release|x86.Build.0 = Release|Any CPU
	EndGlobalSection
	GlobalSection(SolutionProperties) = preSolution
		HideSolutionNode = FALSE
	EndGlobalSection
EndGlobal
